// !$*UTF8*$!
{
	archiveVersion = 1;
	classes = {
	};
	objectVersion = 56;
	objects = {

/* Begin PBXBuildFile section */
		D256B56F2BFC0666003B2284 /* Alamofire in Frameworks */ = {isa = PBXBuildFile; productRef = D256B56E2BFC0666003B2284 /* Alamofire */; };
		D2699CF22BFC10EE00F90107 /* FiraSans-Black.ttf in Resources */ = {isa = PBXBuildFile; fileRef = D2699CDE2BFC10EE00F90107 /* FiraSans-Black.ttf */; };
		D2699D042BFC10EE00F90107 /* FS_OFL.txt in Resources */ = {isa = PBXBuildFile; fileRef = D2699CF02BFC10EE00F90107 /* FS_OFL.txt */; };
		D2699D102BFC26BE00F90107 /* HindSiliguri-Regular.ttf in Resources */ = {isa = PBXBuildFile; fileRef = D2699D092BFC26BE00F90107 /* HindSiliguri-Regular.ttf */; };
		D2699D122BFC26BE00F90107 /* HS_OFL.txt in Resources */ = {isa = PBXBuildFile; fileRef = D2699D0B2BFC26BE00F90107 /* HS_OFL.txt */; };
		D2699D382BFC270A00F90107 /* Chivo-Regular.ttf in Resources */ = {isa = PBXBuildFile; fileRef = D2699D202BFC270A00F90107 /* Chivo-Regular.ttf */; };
		D2699D3F2BFC270A00F90107 /* C_OFL.txt in Resources */ = {isa = PBXBuildFile; fileRef = D2699D282BFC270A00F90107 /* C_OFL.txt */; };
		D2699D422BFC28FA00F90107 /* Constants.swift in Sources */ = {isa = PBXBuildFile; fileRef = D2699D412BFC28FA00F90107 /* Constants.swift */; };
		D2699D442BFC2A1500F90107 /* FullScreenProgressIndicator.swift in Sources */ = {isa = PBXBuildFile; fileRef = D2699D432BFC2A1500F90107 /* FullScreenProgressIndicator.swift */; };
		D2699D462BFC2B5900F90107 /* Accordion.swift in Sources */ = {isa = PBXBuildFile; fileRef = D2699D452BFC2B5900F90107 /* Accordion.swift */; };
		D2699D482BFC2B8300F90107 /* ErrorView.swift in Sources */ = {isa = PBXBuildFile; fileRef = D2699D472BFC2B8200F90107 /* ErrorView.swift */; };
		D2699D4A2BFC6B2F00F90107 /* Utilities.swift in Sources */ = {isa = PBXBuildFile; fileRef = D2699D492BFC6B2F00F90107 /* Utilities.swift */; };
		D275F05F2BFD1ABA00E7C7FF /* Hours.swift in Sources */ = {isa = PBXBuildFile; fileRef = D275F05E2BFD1ABA00E7C7FF /* Hours.swift */; };
		D2E8B76D2BFBE7B100B5FF40 /* TakeHome_PursApp.swift in Sources */ = {isa = PBXBuildFile; fileRef = D2E8B76C2BFBE7B100B5FF40 /* TakeHome_PursApp.swift */; };
		D2E8B76F2BFBE7B100B5FF40 /* ContentView.swift in Sources */ = {isa = PBXBuildFile; fileRef = D2E8B76E2BFBE7B100B5FF40 /* ContentView.swift */; };
		D2E8B7712BFBE7B300B5FF40 /* Assets.xcassets in Resources */ = {isa = PBXBuildFile; fileRef = D2E8B7702BFBE7B300B5FF40 /* Assets.xcassets */; };
		D2E8B7742BFBE7B300B5FF40 /* Preview Assets.xcassets in Resources */ = {isa = PBXBuildFile; fileRef = D2E8B7732BFBE7B300B5FF40 /* Preview Assets.xcassets */; };
		D2E8B77B2BFBE7D800B5FF40 /* Network.swift in Sources */ = {isa = PBXBuildFile; fileRef = D2E8B77A2BFBE7D800B5FF40 /* Network.swift */; };
		D2E8B7852BFBFAD900B5FF40 /* BusinessVM.swift in Sources */ = {isa = PBXBuildFile; fileRef = D2E8B7842BFBFAD900B5FF40 /* BusinessVM.swift */; };
		D2E8B7872BFBFC7000B5FF40 /* Business.swift in Sources */ = {isa = PBXBuildFile; fileRef = D2E8B7862BFBFC7000B5FF40 /* Business.swift */; };
		D2E8B7892BFC00A600B5FF40 /* BusinessScreen.swift in Sources */ = {isa = PBXBuildFile; fileRef = D2E8B7882BFC00A600B5FF40 /* BusinessScreen.swift */; };
/* End PBXBuildFile section */

/* Begin PBXCopyFilesBuildPhase section */
		D256B5672BFC0535003B2284 /* Embed Frameworks */ = {
			isa = PBXCopyFilesBuildPhase;
			buildActionMask = 2147483647;
			dstPath = "";
			dstSubfolderSpec = 10;
			files = (
			);
			name = "Embed Frameworks";
			runOnlyForDeploymentPostprocessing = 0;
		};
/* End PBXCopyFilesBuildPhase section */

/* Begin PBXFileReference section */
		D2699CDE2BFC10EE00F90107 /* FiraSans-Black.ttf */ = {isa = PBXFileReference; lastKnownFileType = file; path = "FiraSans-Black.ttf"; sourceTree = "<group>"; };
		D2699CF02BFC10EE00F90107 /* FS_OFL.txt */ = {isa = PBXFileReference; fileEncoding = 4; lastKnownFileType = text; path = FS_OFL.txt; sourceTree = "<group>"; };
		D2699D052BFC11F400F90107 /* Info.plist */ = {isa = PBXFileReference; lastKnownFileType = text.plist; path = Info.plist; sourceTree = "<group>"; };
		D2699D092BFC26BE00F90107 /* HindSiliguri-Regular.ttf */ = {isa = PBXFileReference; lastKnownFileType = file; path = "HindSiliguri-Regular.ttf"; sourceTree = "<group>"; };
		D2699D0B2BFC26BE00F90107 /* HS_OFL.txt */ = {isa = PBXFileReference; fileEncoding = 4; lastKnownFileType = text; path = HS_OFL.txt; sourceTree = "<group>"; };
		D2699D202BFC270A00F90107 /* Chivo-Regular.ttf */ = {isa = PBXFileReference; lastKnownFileType = file; path = "Chivo-Regular.ttf"; sourceTree = "<group>"; };
		D2699D282BFC270A00F90107 /* C_OFL.txt */ = {isa = PBXFileReference; fileEncoding = 4; lastKnownFileType = text; path = C_OFL.txt; sourceTree = "<group>"; };
		D2699D412BFC28FA00F90107 /* Constants.swift */ = {isa = PBXFileReference; lastKnownFileType = sourcecode.swift; path = Constants.swift; sourceTree = "<group>"; };
		D2699D432BFC2A1500F90107 /* FullScreenProgressIndicator.swift */ = {isa = PBXFileReference; lastKnownFileType = sourcecode.swift; path = FullScreenProgressIndicator.swift; sourceTree = "<group>"; };
		D2699D452BFC2B5900F90107 /* Accordion.swift */ = {isa = PBXFileReference; lastKnownFileType = sourcecode.swift; path = Accordion.swift; sourceTree = "<group>"; };
		D2699D472BFC2B8200F90107 /* ErrorView.swift */ = {isa = PBXFileReference; lastKnownFileType = sourcecode.swift; path = ErrorView.swift; sourceTree = "<group>"; };
		D2699D492BFC6B2F00F90107 /* Utilities.swift */ = {isa = PBXFileReference; lastKnownFileType = sourcecode.swift; path = Utilities.swift; sourceTree = "<group>"; };
		D275F05E2BFD1ABA00E7C7FF /* Hours.swift */ = {isa = PBXFileReference; lastKnownFileType = sourcecode.swift; path = Hours.swift; sourceTree = "<group>"; };
		D2E8B7692BFBE7B100B5FF40 /* TakeHome-Purs.app */ = {isa = PBXFileReference; explicitFileType = wrapper.application; includeInIndex = 0; path = "TakeHome-Purs.app"; sourceTree = BUILT_PRODUCTS_DIR; };
		D2E8B76C2BFBE7B100B5FF40 /* TakeHome_PursApp.swift */ = {isa = PBXFileReference; lastKnownFileType = sourcecode.swift; path = TakeHome_PursApp.swift; sourceTree = "<group>"; };
		D2E8B76E2BFBE7B100B5FF40 /* ContentView.swift */ = {isa = PBXFileReference; lastKnownFileType = sourcecode.swift; path = ContentView.swift; sourceTree = "<group>"; };
		D2E8B7702BFBE7B300B5FF40 /* Assets.xcassets */ = {isa = PBXFileReference; lastKnownFileType = folder.assetcatalog; path = Assets.xcassets; sourceTree = "<group>"; };
		D2E8B7732BFBE7B300B5FF40 /* Preview Assets.xcassets */ = {isa = PBXFileReference; lastKnownFileType = folder.assetcatalog; path = "Preview Assets.xcassets"; sourceTree = "<group>"; };
		D2E8B77A2BFBE7D800B5FF40 /* Network.swift */ = {isa = PBXFileReference; lastKnownFileType = sourcecode.swift; path = Network.swift; sourceTree = "<group>"; };
		D2E8B7842BFBFAD900B5FF40 /* BusinessVM.swift */ = {isa = PBXFileReference; lastKnownFileType = sourcecode.swift; path = BusinessVM.swift; sourceTree = "<group>"; };
		D2E8B7862BFBFC7000B5FF40 /* Business.swift */ = {isa = PBXFileReference; lastKnownFileType = sourcecode.swift; path = Business.swift; sourceTree = "<group>"; };
		D2E8B7882BFC00A600B5FF40 /* BusinessScreen.swift */ = {isa = PBXFileReference; lastKnownFileType = sourcecode.swift; path = BusinessScreen.swift; sourceTree = "<group>"; };
/* End PBXFileReference section */

/* Begin PBXFrameworksBuildPhase section */
		D2E8B7662BFBE7B100B5FF40 /* Frameworks */ = {
			isa = PBXFrameworksBuildPhase;
			buildActionMask = 2147483647;
			files = (
				D256B56F2BFC0666003B2284 /* Alamofire in Frameworks */,
			);
			runOnlyForDeploymentPostprocessing = 0;
		};
/* End PBXFrameworksBuildPhase section */

/* Begin PBXGroup section */
		D256B56D2BFC0666003B2284 /* Frameworks */ = {
			isa = PBXGroup;
			children = (
			);
			name = Frameworks;
			sourceTree = "<group>";
		};
		D2699CF12BFC10EE00F90107 /* Fira_Sans */ = {
			isa = PBXGroup;
			children = (
				D2699CDE2BFC10EE00F90107 /* FiraSans-Black.ttf */,
				D2699CF02BFC10EE00F90107 /* FS_OFL.txt */,
			);
			path = Fira_Sans;
			sourceTree = "<group>";
		};
		D2699D0C2BFC26BE00F90107 /* Hind_Siliguri */ = {
			isa = PBXGroup;
			children = (
				D2699D092BFC26BE00F90107 /* HindSiliguri-Regular.ttf */,
				D2699D0B2BFC26BE00F90107 /* HS_OFL.txt */,
			);
			path = Hind_Siliguri;
			sourceTree = "<group>";
		};
		D2699D2A2BFC270A00F90107 /* Chivo */ = {
			isa = PBXGroup;
			children = (
				D2699D202BFC270A00F90107 /* Chivo-Regular.ttf */,
				D2699D282BFC270A00F90107 /* C_OFL.txt */,
			);
			path = Chivo;
			sourceTree = "<group>";
		};
		D2E8B7602BFBE7B100B5FF40 = {
			isa = PBXGroup;
			children = (
				D2699D492BFC6B2F00F90107 /* Utilities.swift */,
				D2699D412BFC28FA00F90107 /* Constants.swift */,
				D2699D2A2BFC270A00F90107 /* Chivo */,
				D2699D0C2BFC26BE00F90107 /* Hind_Siliguri */,
				D2699CF12BFC10EE00F90107 /* Fira_Sans */,
				D2E8B76B2BFBE7B100B5FF40 /* TakeHome-Purs */,
				D2E8B76A2BFBE7B100B5FF40 /* Products */,
				D256B56D2BFC0666003B2284 /* Frameworks */,
			);
			sourceTree = "<group>";
		};
		D2E8B76A2BFBE7B100B5FF40 /* Products */ = {
			isa = PBXGroup;
			children = (
				D2E8B7692BFBE7B100B5FF40 /* TakeHome-Purs.app */,
			);
			name = Products;
			sourceTree = "<group>";
		};
		D2E8B76B2BFBE7B100B5FF40 /* TakeHome-Purs */ = {
			isa = PBXGroup;
			children = (
				D2699D052BFC11F400F90107 /* Info.plist */,
				D2E8B7832BFBFAC900B5FF40 /* Model */,
				D2E8B7822BFBFAC400B5FF40 /* View */,
				D2E8B7812BFBFABE00B5FF40 /* ViewModel */,
				D2E8B76C2BFBE7B100B5FF40 /* TakeHome_PursApp.swift */,
				D2E8B76E2BFBE7B100B5FF40 /* ContentView.swift */,
				D2E8B7702BFBE7B300B5FF40 /* Assets.xcassets */,
				D2E8B7722BFBE7B300B5FF40 /* Preview Content */,
				D2E8B77A2BFBE7D800B5FF40 /* Network.swift */,
			);
			path = "TakeHome-Purs";
			sourceTree = "<group>";
		};
		D2E8B7722BFBE7B300B5FF40 /* Preview Content */ = {
			isa = PBXGroup;
			children = (
				D2E8B7732BFBE7B300B5FF40 /* Preview Assets.xcassets */,
			);
			path = "Preview Content";
			sourceTree = "<group>";
		};
		D2E8B7812BFBFABE00B5FF40 /* ViewModel */ = {
			isa = PBXGroup;
			children = (
				D2E8B7842BFBFAD900B5FF40 /* BusinessVM.swift */,
			);
			path = ViewModel;
			sourceTree = "<group>";
		};
		D2E8B7822BFBFAC400B5FF40 /* View */ = {
			isa = PBXGroup;
			children = (
				D2E8B7882BFC00A600B5FF40 /* BusinessScreen.swift */,
				D2699D432BFC2A1500F90107 /* FullScreenProgressIndicator.swift */,
				D2699D452BFC2B5900F90107 /* Accordion.swift */,
				D2699D472BFC2B8200F90107 /* ErrorView.swift */,
			);
			path = View;
			sourceTree = "<group>";
		};
		D2E8B7832BFBFAC900B5FF40 /* Model */ = {
			isa = PBXGroup;
			children = (
				D2E8B7862BFBFC7000B5FF40 /* Business.swift */,
				D275F05E2BFD1ABA00E7C7FF /* Hours.swift */,
			);
			path = Model;
			sourceTree = "<group>";
		};
/* End PBXGroup section */

/* Begin PBXNativeTarget section */
		D2E8B7682BFBE7B100B5FF40 /* TakeHome-Purs */ = {
			isa = PBXNativeTarget;
			buildConfigurationList = D2E8B7772BFBE7B300B5FF40 /* Build configuration list for PBXNativeTarget "TakeHome-Purs" */;
			buildPhases = (
				D2E8B7652BFBE7B100B5FF40 /* Sources */,
				D2E8B7662BFBE7B100B5FF40 /* Frameworks */,
				D2E8B7672BFBE7B100B5FF40 /* Resources */,
				D256B5672BFC0535003B2284 /* Embed Frameworks */,
			);
			buildRules = (
			);
			dependencies = (
			);
			name = "TakeHome-Purs";
			packageProductDependencies = (
				D256B56E2BFC0666003B2284 /* Alamofire */,
			);
			productName = "TakeHome-Purs";
			productReference = D2E8B7692BFBE7B100B5FF40 /* TakeHome-Purs.app */;
			productType = "com.apple.product-type.application";
		};
/* End PBXNativeTarget section */

/* Begin PBXProject section */
		D2E8B7612BFBE7B100B5FF40 /* Project object */ = {
			isa = PBXProject;
			attributes = {
				BuildIndependentTargetsInParallel = 1;
				LastSwiftUpdateCheck = 1540;
				LastUpgradeCheck = 1540;
				TargetAttributes = {
					D2E8B7682BFBE7B100B5FF40 = {
						CreatedOnToolsVersion = 15.4;
					};
				};
			};
			buildConfigurationList = D2E8B7642BFBE7B100B5FF40 /* Build configuration list for PBXProject "TakeHome-Purs" */;
			compatibilityVersion = "Xcode 14.0";
			developmentRegion = en;
			hasScannedForEncodings = 0;
			knownRegions = (
				en,
				Base,
			);
			mainGroup = D2E8B7602BFBE7B100B5FF40;
			packageReferences = (
				D256B56C2BFC0642003B2284 /* XCRemoteSwiftPackageReference "Alamofire" */,
			);
			productRefGroup = D2E8B76A2BFBE7B100B5FF40 /* Products */;
			projectDirPath = "";
			projectRoot = "";
			targets = (
				D2E8B7682BFBE7B100B5FF40 /* TakeHome-Purs */,
			);
		};
/* End PBXProject section */

/* Begin PBXResourcesBuildPhase section */
		D2E8B7672BFBE7B100B5FF40 /* Resources */ = {
			isa = PBXResourcesBuildPhase;
			buildActionMask = 2147483647;
			files = (
				D2699D382BFC270A00F90107 /* Chivo-Regular.ttf in Resources */,
				D2699D122BFC26BE00F90107 /* HS_OFL.txt in Resources */,
				D2699D042BFC10EE00F90107 /* FS_OFL.txt in Resources */,
				D2E8B7742BFBE7B300B5FF40 /* Preview Assets.xcassets in Resources */,
				D2699D3F2BFC270A00F90107 /* C_OFL.txt in Resources */,
				D2E8B7712BFBE7B300B5FF40 /* Assets.xcassets in Resources */,
				D2699D102BFC26BE00F90107 /* HindSiliguri-Regular.ttf in Resources */,
				D2699CF22BFC10EE00F90107 /* FiraSans-Black.ttf in Resources */,
			);
			runOnlyForDeploymentPostprocessing = 0;
		};
/* End PBXResourcesBuildPhase section */

/* Begin PBXSourcesBuildPhase section */
		D2E8B7652BFBE7B100B5FF40 /* Sources */ = {
			isa = PBXSourcesBuildPhase;
			buildActionMask = 2147483647;
			files = (
				D2E8B7872BFBFC7000B5FF40 /* Business.swift in Sources */,
				D2E8B76F2BFBE7B100B5FF40 /* ContentView.swift in Sources */,
				D2699D4A2BFC6B2F00F90107 /* Utilities.swift in Sources */,
				D2E8B7852BFBFAD900B5FF40 /* BusinessVM.swift in Sources */,
				D2699D442BFC2A1500F90107 /* FullScreenProgressIndicator.swift in Sources */,
				D2E8B76D2BFBE7B100B5FF40 /* TakeHome_PursApp.swift in Sources */,
				D2699D482BFC2B8300F90107 /* ErrorView.swift in Sources */,
				D275F05F2BFD1ABA00E7C7FF /* Hours.swift in Sources */,
				D2699D422BFC28FA00F90107 /* Constants.swift in Sources */,
				D2E8B7892BFC00A600B5FF40 /* BusinessScreen.swift in Sources */,
				D2E8B77B2BFBE7D800B5FF40 /* Network.swift in Sources */,
				D2699D462BFC2B5900F90107 /* Accordion.swift in Sources */,
			);
			runOnlyForDeploymentPostprocessing = 0;
		};
/* End PBXSourcesBuildPhase section */

/* Begin XCBuildConfiguration section */
		D2E8B7752BFBE7B300B5FF40 /* Debug */ = {
			isa = XCBuildConfiguration;
			buildSettings = {
				ALWAYS_SEARCH_USER_PATHS = NO;
				ASSETCATALOG_COMPILER_GENERATE_SWIFT_ASSET_SYMBOL_EXTENSIONS = YES;
				CLANG_ANALYZER_NONNULL = YES;
				CLANG_ANALYZER_NUMBER_OBJECT_CONVERSION = YES_AGGRESSIVE;
				CLANG_CXX_LANGUAGE_STANDARD = "gnu++20";
				CLANG_ENABLE_MODULES = YES;
				CLANG_ENABLE_OBJC_ARC = YES;
				CLANG_ENABLE_OBJC_WEAK = YES;
				CLANG_WARN_BLOCK_CAPTURE_AUTORELEASING = YES;
				CLANG_WARN_BOOL_CONVERSION = YES;
				CLANG_WARN_COMMA = YES;
				CLANG_WARN_CONSTANT_CONVERSION = YES;
				CLANG_WARN_DEPRECATED_OBJC_IMPLEMENTATIONS = YES;
				CLANG_WARN_DIRECT_OBJC_ISA_USAGE = YES_ERROR;
				CLANG_WARN_DOCUMENTATION_COMMENTS = YES;
				CLANG_WARN_EMPTY_BODY = YES;
				CLANG_WARN_ENUM_CONVERSION = YES;
				CLANG_WARN_INFINITE_RECURSION = YES;
				CLANG_WARN_INT_CONVERSION = YES;
				CLANG_WARN_NON_LITERAL_NULL_CONVERSION = YES;
				CLANG_WARN_OBJC_IMPLICIT_RETAIN_SELF = YES;
				CLANG_WARN_OBJC_LITERAL_CONVERSION = YES;
				CLANG_WARN_OBJC_ROOT_CLASS = YES_ERROR;
				CLANG_WARN_QUOTED_INCLUDE_IN_FRAMEWORK_HEADER = YES;
				CLANG_WARN_RANGE_LOOP_ANALYSIS = YES;
				CLANG_WARN_STRICT_PROTOTYPES = YES;
				CLANG_WARN_SUSPICIOUS_MOVE = YES;
				CLANG_WARN_UNGUARDED_AVAILABILITY = YES_AGGRESSIVE;
				CLANG_WARN_UNREACHABLE_CODE = YES;
				CLANG_WARN__DUPLICATE_METHOD_MATCH = YES;
				COPY_PHASE_STRIP = NO;
				DEBUG_INFORMATION_FORMAT = dwarf;
				ENABLE_STRICT_OBJC_MSGSEND = YES;
				ENABLE_TESTABILITY = YES;
				ENABLE_USER_SCRIPT_SANDBOXING = YES;
				GCC_C_LANGUAGE_STANDARD = gnu17;
				GCC_DYNAMIC_NO_PIC = NO;
				GCC_NO_COMMON_BLOCKS = YES;
				GCC_OPTIMIZATION_LEVEL = 0;
				GCC_PREPROCESSOR_DEFINITIONS = (
					"DEBUG=1",
					"$(inherited)",
				);
				GCC_WARN_64_TO_32_BIT_CONVERSION = YES;
				GCC_WARN_ABOUT_RETURN_TYPE = YES_ERROR;
				GCC_WARN_UNDECLARED_SELECTOR = YES;
				GCC_WARN_UNINITIALIZED_AUTOS = YES_AGGRESSIVE;
				GCC_WARN_UNUSED_FUNCTION = YES;
				GCC_WARN_UNUSED_VARIABLE = YES;
				IPHONEOS_DEPLOYMENT_TARGET = 17.5;
				LOCALIZATION_PREFERS_STRING_CATALOGS = YES;
				MTL_ENABLE_DEBUG_INFO = INCLUDE_SOURCE;
				MTL_FAST_MATH = YES;
				ONLY_ACTIVE_ARCH = YES;
				SDKROOT = iphoneos;
				SWIFT_ACTIVE_COMPILATION_CONDITIONS = "DEBUG $(inherited)";
				SWIFT_OPTIMIZATION_LEVEL = "-Onone";
			};
			name = Debug;
		};
		D2E8B7762BFBE7B300B5FF40 /* Release */ = {
			isa = XCBuildConfiguration;
			buildSettings = {
				ALWAYS_SEARCH_USER_PATHS = NO;
				ASSETCATALOG_COMPILER_GENERATE_SWIFT_ASSET_SYMBOL_EXTENSIONS = YES;
				CLANG_ANALYZER_NONNULL = YES;
				CLANG_ANALYZER_NUMBER_OBJECT_CONVERSION = YES_AGGRESSIVE;
				CLANG_CXX_LANGUAGE_STANDARD = "gnu++20";
				CLANG_ENABLE_MODULES = YES;
				CLANG_ENABLE_OBJC_ARC = YES;
				CLANG_ENABLE_OBJC_WEAK = YES;
				CLANG_WARN_BLOCK_CAPTURE_AUTORELEASING = YES;
				CLANG_WARN_BOOL_CONVERSION = YES;
				CLANG_WARN_COMMA = YES;
				CLANG_WARN_CONSTANT_CONVERSION = YES;
				CLANG_WARN_DEPRECATED_OBJC_IMPLEMENTATIONS = YES;
				CLANG_WARN_DIRECT_OBJC_ISA_USAGE = YES_ERROR;
				CLANG_WARN_DOCUMENTATION_COMMENTS = YES;
				CLANG_WARN_EMPTY_BODY = YES;
				CLANG_WARN_ENUM_CONVERSION = YES;
				CLANG_WARN_INFINITE_RECURSION = YES;
				CLANG_WARN_INT_CONVERSION = YES;
				CLANG_WARN_NON_LITERAL_NULL_CONVERSION = YES;
				CLANG_WARN_OBJC_IMPLICIT_RETAIN_SELF = YES;
				CLANG_WARN_OBJC_LITERAL_CONVERSION = YES;
				CLANG_WARN_OBJC_ROOT_CLASS = YES_ERROR;
				CLANG_WARN_QUOTED_INCLUDE_IN_FRAMEWORK_HEADER = YES;
				CLANG_WARN_RANGE_LOOP_ANALYSIS = YES;
				CLANG_WARN_STRICT_PROTOTYPES = YES;
				CLANG_WARN_SUSPICIOUS_MOVE = YES;
				CLANG_WARN_UNGUARDED_AVAILABILITY = YES_AGGRESSIVE;
				CLANG_WARN_UNREACHABLE_CODE = YES;
				CLANG_WARN__DUPLICATE_METHOD_MATCH = YES;
				COPY_PHASE_STRIP = NO;
				DEBUG_INFORMATION_FORMAT = "dwarf-with-dsym";
				ENABLE_NS_ASSERTIONS = NO;
				ENABLE_STRICT_OBJC_MSGSEND = YES;
				ENABLE_USER_SCRIPT_SANDBOXING = YES;
				GCC_C_LANGUAGE_STANDARD = gnu17;
				GCC_NO_COMMON_BLOCKS = YES;
				GCC_WARN_64_TO_32_BIT_CONVERSION = YES;
				GCC_WARN_ABOUT_RETURN_TYPE = YES_ERROR;
				GCC_WARN_UNDECLARED_SELECTOR = YES;
				GCC_WARN_UNINITIALIZED_AUTOS = YES_AGGRESSIVE;
				GCC_WARN_UNUSED_FUNCTION = YES;
				GCC_WARN_UNUSED_VARIABLE = YES;
				IPHONEOS_DEPLOYMENT_TARGET = 17.5;
				LOCALIZATION_PREFERS_STRING_CATALOGS = YES;
				MTL_ENABLE_DEBUG_INFO = NO;
				MTL_FAST_MATH = YES;
				SDKROOT = iphoneos;
				SWIFT_COMPILATION_MODE = wholemodule;
				VALIDATE_PRODUCT = YES;
			};
			name = Release;
		};
		D2E8B7782BFBE7B300B5FF40 /* Debug */ = {
			isa = XCBuildConfiguration;
			buildSettings = {
				ASSETCATALOG_COMPILER_APPICON_NAME = AppIcon;
				ASSETCATALOG_COMPILER_GLOBAL_ACCENT_COLOR_NAME = AccentColor;
				CODE_SIGN_STYLE = Automatic;
				CURRENT_PROJECT_VERSION = 1;
				DEVELOPMENT_ASSET_PATHS = "\"TakeHome-Purs/Preview Content\"";
				DEVELOPMENT_TEAM = KA6DM975X6;
				ENABLE_PREVIEWS = YES;
				GENERATE_INFOPLIST_FILE = YES;
				INFOPLIST_FILE = "TakeHome-Purs/Info.plist";
				INFOPLIST_KEY_UIApplicationSceneManifest_Generation = YES;
				INFOPLIST_KEY_UIApplicationSupportsIndirectInputEvents = YES;
				INFOPLIST_KEY_UILaunchScreen_Generation = YES;
				INFOPLIST_KEY_UISupportedInterfaceOrientations_iPad = "UIInterfaceOrientationPortrait UIInterfaceOrientationPortraitUpsideDown UIInterfaceOrientationLandscapeLeft UIInterfaceOrientationLandscapeRight";
				INFOPLIST_KEY_UISupportedInterfaceOrientations_iPhone = "UIInterfaceOrientationPortrait UIInterfaceOrientationLandscapeLeft UIInterfaceOrientationLandscapeRight";
				LD_RUNPATH_SEARCH_PATHS = (
					"$(inherited)",
					"@executable_path/Frameworks",
				);
				MARKETING_VERSION = 1.0;
				PRODUCT_BUNDLE_IDENTIFIER = "com.-.anagha.TakeHome-Purs";
				PRODUCT_NAME = "$(TARGET_NAME)";
				SWIFT_EMIT_LOC_STRINGS = YES;
				SWIFT_VERSION = 5.0;
				TARGETED_DEVICE_FAMILY = "1,2";
			};
			name = Debug;
		};
		D2E8B7792BFBE7B300B5FF40 /* Release */ = {
			isa = XCBuildConfiguration;
			buildSettings = {
				ASSETCATALOG_COMPILER_APPICON_NAME = AppIcon;
				ASSETCATALOG_COMPILER_GLOBAL_ACCENT_COLOR_NAME = AccentColor;
				CODE_SIGN_STYLE = Automatic;
				CURRENT_PROJECT_VERSION = 1;
				DEVELOPMENT_ASSET_PATHS = "\"TakeHome-Purs/Preview Content\"";
				DEVELOPMENT_TEAM = KA6DM975X6;
				ENABLE_PREVIEWS = YES;
				GENERATE_INFOPLIST_FILE = YES;
				INFOPLIST_FILE = "TakeHome-Purs/Info.plist";
				INFOPLIST_KEY_UIApplicationSceneManifest_Generation = YES;
				INFOPLIST_KEY_UIApplicationSupportsIndirectInputEvents = YES;
				INFOPLIST_KEY_UILaunchScreen_Generation = YES;
				INFOPLIST_KEY_UISupportedInterfaceOrientations_iPad = "UIInterfaceOrientationPortrait UIInterfaceOrientationPortraitUpsideDown UIInterfaceOrientationLandscapeLeft UIInterfaceOrientationLandscapeRight";
				INFOPLIST_KEY_UISupportedInterfaceOrientations_iPhone = "UIInterfaceOrientationPortrait UIInterfaceOrientationLandscapeLeft UIInterfaceOrientationLandscapeRight";
				LD_RUNPATH_SEARCH_PATHS = (
					"$(inherited)",
					"@executable_path/Frameworks",
				);
				MARKETING_VERSION = 1.0;
				PRODUCT_BUNDLE_IDENTIFIER = "com.-.anagha.TakeHome-Purs";
				PRODUCT_NAME = "$(TARGET_NAME)";
				SWIFT_EMIT_LOC_STRINGS = YES;
				SWIFT_VERSION = 5.0;
				TARGETED_DEVICE_FAMILY = "1,2";
			};
			name = Release;
		};
/* End XCBuildConfiguration section */

/* Begin XCConfigurationList section */
		D2E8B7642BFBE7B100B5FF40 /* Build configuration list for PBXProject "TakeHome-Purs" */ = {
			isa = XCConfigurationList;
			buildConfigurations = (
				D2E8B7752BFBE7B300B5FF40 /* Debug */,
				D2E8B7762BFBE7B300B5FF40 /* Release */,
			);
			defaultConfigurationIsVisible = 0;
			defaultConfigurationName = Release;
		};
		D2E8B7772BFBE7B300B5FF40 /* Build configuration list for PBXNativeTarget "TakeHome-Purs" */ = {
			isa = XCConfigurationList;
			buildConfigurations = (
				D2E8B7782BFBE7B300B5FF40 /* Debug */,
				D2E8B7792BFBE7B300B5FF40 /* Release */,
			);
			defaultConfigurationIsVisible = 0;
			defaultConfigurationName = Release;
		};
/* End XCConfigurationList section */

/* Begin XCRemoteSwiftPackageReference section */
		D256B56C2BFC0642003B2284 /* XCRemoteSwiftPackageReference "Alamofire" */ = {
			isa = XCRemoteSwiftPackageReference;
			repositoryURL = "https://github.com/Alamofire/Alamofire";
			requirement = {
				kind = upToNextMajorVersion;
				minimumVersion = 5.9.1;
			};
		};
/* End XCRemoteSwiftPackageReference section */

/* Begin XCSwiftPackageProductDependency section */
		D256B56E2BFC0666003B2284 /* Alamofire */ = {
			isa = XCSwiftPackageProductDependency;
			package = D256B56C2BFC0642003B2284 /* XCRemoteSwiftPackageReference "Alamofire" */;
			productName = Alamofire;
		};
/* End XCSwiftPackageProductDependency section */
	};
	rootObject = D2E8B7612BFBE7B100B5FF40 /* Project object */;
}
